
Microsoft Visual Studio Solution File, Format Version 12.00
# Visual Studio 14
VisualStudioVersion = 14.0.23107.0
MinimumVisualStudioVersion = 10.0.40219.1
Project("{FAE04EC0-301F-11D3-BF4B-00C04F79EFBC}") = "Lesson3-HelloWorld", "Lesson3-HelloWorld\Lesson3-HelloWorld.csproj", "{A8EB2612-1072-4EBD-8731-C0291995FE25}"
EndProject
Project("{FAE04EC0-301F-11D3-BF4B-00C04F79EFBC}") = "Lesson5-Variabelen", "Lesson5-Variabelen\Lesson5-Variabelen.csproj", "{78188116-7D99-47A9-A332-D176E006B839}"
EndProject
Project("{FAE04EC0-301F-11D3-BF4B-00C04F79EFBC}") = "Lesson6-MathOperations", "Lesson6-MathOperations\Lesson6-MathOperations.csproj", "{411DF1B9-0F11-4AE6-A285-3A669E6214B5}"
EndProject
Project("{FAE04EC0-301F-11D3-BF4B-00C04F79EFBC}") = "Lesson7-UserInput", "Lesson7-UserInput\Lesson7-UserInput.csproj", "{5D7BF893-363C-45C0-9598-08AC8D9E7E42}"
EndProject
Project("{FAE04EC0-301F-11D3-BF4B-00C04F79EFBC}") = "Lesson9-DecisionMaking", "Lesson9-DecisionMaking\Lesson9-DecisionMaking.csproj", "{A4EA1CA9-7ACD-4D80-80A2-4A484DD281B2}"
EndProject
Project("{FAE04EC0-301F-11D3-BF4B-00C04F79EFBC}") = "BMI-Calculator", "BMI-Calculator\BMI-Calculator.csproj", "{E56ED193-6434-4E81-A674-E046B4DB1BC4}"
EndProject
Project("{FAE04EC0-301F-11D3-BF4B-00C04F79EFBC}") = "Lesson10-switch", "Lesson10-switch\Lesson10-switch.csproj", "{347726CD-A76D-4DC2-AB99-2F25311088A1}"
EndProject
Project("{FAE04EC0-301F-11D3-BF4B-00C04F79EFBC}") = "Lesson11-While", "Lesson11-While\Lesson11-While.csproj", "{32B69404-DFBB-4A51-A9F6-29526FE56D23}"
EndProject
Project("{FAE04EC0-301F-11D3-BF4B-00C04F79EFBC}") = "Lesson-readkey", "Lesson-readkey\Lesson-readkey.csproj", "{0DEC019A-C893-4AF6-BBE6-5359E2596BB2}"
EndProject
Project("{FAE04EC0-301F-11D3-BF4B-00C04F79EFBC}") = "Lesson11-do while loop", "Lesson11-do while loop\Lesson11-do while loop.csproj", "{CFC363BD-DE9E-40D4-89EC-4D5A18184B0C}"
EndProject
Project("{FAE04EC0-301F-11D3-BF4B-00C04F79EFBC}") = "Lesson 11 - for - loop", "Lesson 11 - for - loop\Lesson 11 - for - loop.csproj", "{F604A59A-9338-492D-B3E1-5E5CA81B39EC}"
EndProject
Project("{FAE04EC0-301F-11D3-BF4B-00C04F79EFBC}") = "Lesson12-Arrays", "Lesson12-Arrays\Lesson12-Arrays.csproj", "{403EFF26-DA61-41D0-84CE-E4252053E159}"
EndProject
Project("{FAE04EC0-301F-11D3-BF4B-00C04F79EFBC}") = "Lesson13-Enumerations", "Lesson13-Enumerations\Lesson13-Enumerations.csproj", "{D9DC823A-4E49-4EE8-9D37-51E249439155}"
EndProject
Project("{FAE04EC0-301F-11D3-BF4B-00C04F79EFBC}") = "Lesson14-Methods", "Lesson14-Methods\Lesson14-Methods.csproj", "{B9ED80CA-CA94-4AEC-ACDD-9E25DC6FE9FF}"
EndProject
Project("{FAE04EC0-301F-11D3-BF4B-00C04F79EFBC}") = "Lesson15-ClassesPart1", "Lesson15-ClassesPart1\Lesson15-ClassesPart1.csproj", "{89EECFEF-CF1F-4235-8500-6ED8C33A64B9}"
EndProject
Project("{FAE04EC0-301F-11D3-BF4B-00C04F79EFBC}") = "Lesson16-ClassesPart2", "Lesson16-ClassesPart2\Lesson16-ClassesPart2.csproj", "{C7689EC4-72F8-4536-87E4-3939B46206A4}"
EndProject
Project("{FAE04EC0-301F-11D3-BF4B-00C04F79EFBC}") = "Lesson16-ClassesPart3", "Lesson16-ClassesPart3\Lesson16-ClassesPart3.csproj", "{9C154772-8BD1-469B-B0F9-8E2D4D5D9BB3}"
EndProject
Project("{FAE04EC0-301F-11D3-BF4B-00C04F79EFBC}") = "Toets 2 Methods bespreking", "Toets 2 Methods bespreking\Toets 2 Methods bespreking.csproj", "{5E01DDB3-D001-451E-AFCF-961D4E240972}"
EndProject
Global
	GlobalSection(SolutionConfigurationPlatforms) = preSolution
		Debug|Any CPU = Debug|Any CPU
		Release|Any CPU = Release|Any CPU
	EndGlobalSection
	GlobalSection(ProjectConfigurationPlatforms) = postSolution
		{A8EB2612-1072-4EBD-8731-C0291995FE25}.Debug|Any CPU.ActiveCfg = Debug|Any CPU
		{A8EB2612-1072-4EBD-8731-C0291995FE25}.Debug|Any CPU.Build.0 = Debug|Any CPU
		{A8EB2612-1072-4EBD-8731-C0291995FE25}.Release|Any CPU.ActiveCfg = Release|Any CPU
		{A8EB2612-1072-4EBD-8731-C0291995FE25}.Release|Any CPU.Build.0 = Release|Any CPU
		{78188116-7D99-47A9-A332-D176E006B839}.Debug|Any CPU.ActiveCfg = Debug|Any CPU
		{78188116-7D99-47A9-A332-D176E006B839}.Debug|Any CPU.Build.0 = Debug|Any CPU
		{78188116-7D99-47A9-A332-D176E006B839}.Release|Any CPU.ActiveCfg = Release|Any CPU
		{78188116-7D99-47A9-A332-D176E006B839}.Release|Any CPU.Build.0 = Release|Any CPU
		{411DF1B9-0F11-4AE6-A285-3A669E6214B5}.Debug|Any CPU.ActiveCfg = Debug|Any CPU
		{411DF1B9-0F11-4AE6-A285-3A669E6214B5}.Debug|Any CPU.Build.0 = Debug|Any CPU
		{411DF1B9-0F11-4AE6-A285-3A669E6214B5}.Release|Any CPU.ActiveCfg = Release|Any CPU
		{411DF1B9-0F11-4AE6-A285-3A669E6214B5}.Release|Any CPU.Build.0 = Release|Any CPU
		{5D7BF893-363C-45C0-9598-08AC8D9E7E42}.Debug|Any CPU.ActiveCfg = Debug|Any CPU
		{5D7BF893-363C-45C0-9598-08AC8D9E7E42}.Debug|Any CPU.Build.0 = Debug|Any CPU
		{5D7BF893-363C-45C0-9598-08AC8D9E7E42}.Release|Any CPU.ActiveCfg = Release|Any CPU
		{5D7BF893-363C-45C0-9598-08AC8D9E7E42}.Release|Any CPU.Build.0 = Release|Any CPU
		{A4EA1CA9-7ACD-4D80-80A2-4A484DD281B2}.Debug|Any CPU.ActiveCfg = Debug|Any CPU
		{A4EA1CA9-7ACD-4D80-80A2-4A484DD281B2}.Debug|Any CPU.Build.0 = Debug|Any CPU
		{A4EA1CA9-7ACD-4D80-80A2-4A484DD281B2}.Release|Any CPU.ActiveCfg = Release|Any CPU
		{A4EA1CA9-7ACD-4D80-80A2-4A484DD281B2}.Release|Any CPU.Build.0 = Release|Any CPU
		{E56ED193-6434-4E81-A674-E046B4DB1BC4}.Debug|Any CPU.ActiveCfg = Debug|Any CPU
		{E56ED193-6434-4E81-A674-E046B4DB1BC4}.Debug|Any CPU.Build.0 = Debug|Any CPU
		{E56ED193-6434-4E81-A674-E046B4DB1BC4}.Release|Any CPU.ActiveCfg = Release|Any CPU
		{E56ED193-6434-4E81-A674-E046B4DB1BC4}.Release|Any CPU.Build.0 = Release|Any CPU
		{347726CD-A76D-4DC2-AB99-2F25311088A1}.Debug|Any CPU.ActiveCfg = Debug|Any CPU
		{347726CD-A76D-4DC2-AB99-2F25311088A1}.Debug|Any CPU.Build.0 = Debug|Any CPU
		{347726CD-A76D-4DC2-AB99-2F25311088A1}.Release|Any CPU.ActiveCfg = Release|Any CPU
		{347726CD-A76D-4DC2-AB99-2F25311088A1}.Release|Any CPU.Build.0 = Release|Any CPU
		{32B69404-DFBB-4A51-A9F6-29526FE56D23}.Debug|Any CPU.ActiveCfg = Debug|Any CPU
		{32B69404-DFBB-4A51-A9F6-29526FE56D23}.Debug|Any CPU.Build.0 = Debug|Any CPU
		{32B69404-DFBB-4A51-A9F6-29526FE56D23}.Release|Any CPU.ActiveCfg = Release|Any CPU
		{32B69404-DFBB-4A51-A9F6-29526FE56D23}.Release|Any CPU.Build.0 = Release|Any CPU
		{0DEC019A-C893-4AF6-BBE6-5359E2596BB2}.Debug|Any CPU.ActiveCfg = Debug|Any CPU
		{0DEC019A-C893-4AF6-BBE6-5359E2596BB2}.Debug|Any CPU.Build.0 = Debug|Any CPU
		{0DEC019A-C893-4AF6-BBE6-5359E2596BB2}.Release|Any CPU.ActiveCfg = Release|Any CPU
		{0DEC019A-C893-4AF6-BBE6-5359E2596BB2}.Release|Any CPU.Build.0 = Release|Any CPU
		{CFC363BD-DE9E-40D4-89EC-4D5A18184B0C}.Debug|Any CPU.ActiveCfg = Debug|Any CPU
		{CFC363BD-DE9E-40D4-89EC-4D5A18184B0C}.Debug|Any CPU.Build.0 = Debug|Any CPU
		{CFC363BD-DE9E-40D4-89EC-4D5A18184B0C}.Release|Any CPU.ActiveCfg = Release|Any CPU
		{CFC363BD-DE9E-40D4-89EC-4D5A18184B0C}.Release|Any CPU.Build.0 = Release|Any CPU
		{F604A59A-9338-492D-B3E1-5E5CA81B39EC}.Debug|Any CPU.ActiveCfg = Debug|Any CPU
		{F604A59A-9338-492D-B3E1-5E5CA81B39EC}.Debug|Any CPU.Build.0 = Debug|Any CPU
		{F604A59A-9338-492D-B3E1-5E5CA81B39EC}.Release|Any CPU.ActiveCfg = Release|Any CPU
		{F604A59A-9338-492D-B3E1-5E5CA81B39EC}.Release|Any CPU.Build.0 = Release|Any CPU
		{403EFF26-DA61-41D0-84CE-E4252053E159}.Debug|Any CPU.ActiveCfg = Debug|Any CPU
		{403EFF26-DA61-41D0-84CE-E4252053E159}.Debug|Any CPU.Build.0 = Debug|Any CPU
		{403EFF26-DA61-41D0-84CE-E4252053E159}.Release|Any CPU.ActiveCfg = Release|Any CPU
		{403EFF26-DA61-41D0-84CE-E4252053E159}.Release|Any CPU.Build.0 = Release|Any CPU
		{D9DC823A-4E49-4EE8-9D37-51E249439155}.Debug|Any CPU.ActiveCfg = Debug|Any CPU
		{D9DC823A-4E49-4EE8-9D37-51E249439155}.Debug|Any CPU.Build.0 = Debug|Any CPU
		{D9DC823A-4E49-4EE8-9D37-51E249439155}.Release|Any CPU.ActiveCfg = Release|Any CPU
		{D9DC823A-4E49-4EE8-9D37-51E249439155}.Release|Any CPU.Build.0 = Release|Any CPU
		{B9ED80CA-CA94-4AEC-ACDD-9E25DC6FE9FF}.Debug|Any CPU.ActiveCfg = Debug|Any CPU
		{B9ED80CA-CA94-4AEC-ACDD-9E25DC6FE9FF}.Debug|Any CPU.Build.0 = Debug|Any CPU
		{B9ED80CA-CA94-4AEC-ACDD-9E25DC6FE9FF}.Release|Any CPU.ActiveCfg = Release|Any CPU
		{B9ED80CA-CA94-4AEC-ACDD-9E25DC6FE9FF}.Release|Any CPU.Build.0 = Release|Any CPU
		{89EECFEF-CF1F-4235-8500-6ED8C33A64B9}.Debug|Any CPU.ActiveCfg = Debug|Any CPU
		{89EECFEF-CF1F-4235-8500-6ED8C33A64B9}.Debug|Any CPU.Build.0 = Debug|Any CPU
		{89EECFEF-CF1F-4235-8500-6ED8C33A64B9}.Release|Any CPU.ActiveCfg = Release|Any CPU
		{89EECFEF-CF1F-4235-8500-6ED8C33A64B9}.Release|Any CPU.Build.0 = Release|Any CPU
		{C7689EC4-72F8-4536-87E4-3939B46206A4}.Debug|Any CPU.ActiveCfg = Debug|Any CPU
		{C7689EC4-72F8-4536-87E4-3939B46206A4}.Debug|Any CPU.Build.0 = Debug|Any CPU
		{C7689EC4-72F8-4536-87E4-3939B46206A4}.Release|Any CPU.ActiveCfg = Release|Any CPU
		{C7689EC4-72F8-4536-87E4-3939B46206A4}.Release|Any CPU.Build.0 = Release|Any CPU
		{9C154772-8BD1-469B-B0F9-8E2D4D5D9BB3}.Debug|Any CPU.ActiveCfg = Debug|Any CPU
		{9C154772-8BD1-469B-B0F9-8E2D4D5D9BB3}.Debug|Any CPU.Build.0 = Debug|Any CPU
		{9C154772-8BD1-469B-B0F9-8E2D4D5D9BB3}.Release|Any CPU.ActiveCfg = Release|Any CPU
		{9C154772-8BD1-469B-B0F9-8E2D4D5D9BB3}.Release|Any CPU.Build.0 = Release|Any CPU
		{5E01DDB3-D001-451E-AFCF-961D4E240972}.Debug|Any CPU.ActiveCfg = Debug|Any CPU
		{5E01DDB3-D001-451E-AFCF-961D4E240972}.Debug|Any CPU.Build.0 = Debug|Any CPU
		{5E01DDB3-D001-451E-AFCF-961D4E240972}.Release|Any CPU.ActiveCfg = Release|Any CPU
		{5E01DDB3-D001-451E-AFCF-961D4E240972}.Release|Any CPU.Build.0 = Release|Any CPU
	EndGlobalSection
	GlobalSection(SolutionProperties) = preSolution
		HideSolutionNode = FALSE
	EndGlobalSection
EndGlobal
